
Microsoft Visual Studio Solution File, Format Version 12.00
# Visual Studio Version 16
VisualStudioVersion = 16.0.31005.135
MinimumVisualStudioVersion = 10.0.40219.1
Project("{9A19103F-16F7-4668-BE54-9A1E7A4F7556}") = "PetStore", "PetStore\PetStore.csproj", "{E426A0C7-2A43-456B-AF17-FEDA06816D0A}"
EndProject
Project("{2150E333-8FDC-42A3-9474-1A3956D46DE8}") = "Solution Items", "Solution Items", "{4334F564-4E23-4583-94FC-8728A4A45291}"
	ProjectSection(SolutionItems) = preProject
		LazyStack.yaml = LazyStack.yaml
		LocalApis.json = LocalApis.json
		PetStore.yaml = PetStore.yaml
		SAM_Review.yaml = SAM_Review.yaml
	EndProjectSection
EndProject
Project("{9A19103F-16F7-4668-BE54-9A1E7A4F7556}") = "PetStoreClientSDK", "PetStoreClientSDK\PetStoreClientSDK.csproj", "{7746966C-B74D-4F0B-A9D9-899AE8A247BD}"
EndProject
Project("{9A19103F-16F7-4668-BE54-9A1E7A4F7556}") = "PetStoreSchema", "PetStoreSchema\PetStoreSchema.csproj", "{37DACB0F-E925-40D7-89A1-C5956C8B536F}"
EndProject
Project("{2150E333-8FDC-42A3-9474-1A3956D46DE8}") = "Lambdas", "Lambdas", "{5F29D3A6-8D25-4CA3-A70D-0B8CA5C9CB37}"
EndProject
Project("{2150E333-8FDC-42A3-9474-1A3956D46DE8}") = "Controllers", "Controllers", "{F67C8AAB-EEC6-4CC8-868B-2C4E2E7AEDEF}"
EndProject
Project("{2150E333-8FDC-42A3-9474-1A3956D46DE8}") = "Stacks", "Stacks", "{68ADD79D-A915-495E-9C9B-3EDF99EC9A1A}"
EndProject
Project("{2150E333-8FDC-42A3-9474-1A3956D46DE8}") = "Dev", "Dev", "{8F2CCF19-7290-46EF-A4C3-1C3403B0CD48}"
	ProjectSection(SolutionItems) = preProject
		Stacks\Dev\aws-lambda-tools-defaults.json = Stacks\Dev\aws-lambda-tools-defaults.json
		Stacks\Dev\AwsSettings.json = Stacks\Dev\AwsSettings.json
		Stacks\Dev\serverless.template = Stacks\Dev\serverless.template
		Stacks\Dev\template.yaml = Stacks\Dev\template.yaml
	EndProjectSection
EndProject
Project("{9A19103F-16F7-4668-BE54-9A1E7A4F7556}") = "PetStoreRepo", "PetStoreRepo\PetStoreRepo.csproj", "{FFC81893-0B5F-4262-94EA-3844F6057242}"
EndProject
Project("{9A19103F-16F7-4668-BE54-9A1E7A4F7556}") = "PetStoreTests", "PetStoreTests\PetStoreTests.csproj", "{8DAF1DA0-6451-4C97-9D6A-0D13349894DB}"
EndProject
Project("{9A19103F-16F7-4668-BE54-9A1E7A4F7556}") = "PetStoreConsoleApp", "PetStoreConsoleApp\PetStoreConsoleApp.csproj", "{4A55A911-DBC6-4933-8F82-0ABD7616266C}"
EndProject
Project("{9A19103F-16F7-4668-BE54-9A1E7A4F7556}") = "LazyStackDynamoDBRepo", "..\..\LazyStack\LazyStackDynamoDBRepo\LazyStackDynamoDBRepo.csproj", "{5CB03C91-D9D6-4E09-8450-F8519AB9BD72}"
EndProject
Project("{9A19103F-16F7-4668-BE54-9A1E7A4F7556}") = "Pet", "Lambdas\Pet\Pet.csproj", "{A889BA7F-0DAA-4C6A-BB9E-1BC425A1DD8B}"
EndProject
Project("{9A19103F-16F7-4668-BE54-9A1E7A4F7556}") = "Order", "Lambdas\Order\Order.csproj", "{A4457D72-D11A-4967-9866-A4C440259F01}"
EndProject
Project("{9A19103F-16F7-4668-BE54-9A1E7A4F7556}") = "PetController", "Controllers\PetController\PetController.csproj", "{A42F38D4-61DF-48B8-B4E2-B77A5D8AD265}"
EndProject
Project("{9A19103F-16F7-4668-BE54-9A1E7A4F7556}") = "OrderController", "Controllers\OrderController\OrderController.csproj", "{8FA57568-F7D4-407F-AF58-213829A2B554}"
EndProject
Project("{9A19103F-16F7-4668-BE54-9A1E7A4F7556}") = "PetControllerImpl", "Controllers\PetControllerImpl\PetControllerImpl.csproj", "{F0564182-A443-4A1D-BA11-ADC3EF8DB0A3}"
EndProject
Project("{9A19103F-16F7-4668-BE54-9A1E7A4F7556}") = "OrderControllerImpl", "Controllers\OrderControllerImpl\OrderControllerImpl.csproj", "{01F58909-248B-4278-B3FE-7C53887F712D}"
EndProject
Global
	GlobalSection(SolutionConfigurationPlatforms) = preSolution
		Debug|Any CPU = Debug|Any CPU
		Debug|iPhone = Debug|iPhone
		Debug|iPhoneSimulator = Debug|iPhoneSimulator
		Release|Any CPU = Release|Any CPU
		Release|iPhone = Release|iPhone
		Release|iPhoneSimulator = Release|iPhoneSimulator
	EndGlobalSection
	GlobalSection(ProjectConfigurationPlatforms) = postSolution
		{E426A0C7-2A43-456B-AF17-FEDA06816D0A}.Debug|Any CPU.ActiveCfg = Debug|Any CPU
		{E426A0C7-2A43-456B-AF17-FEDA06816D0A}.Debug|Any CPU.Build.0 = Debug|Any CPU
		{E426A0C7-2A43-456B-AF17-FEDA06816D0A}.Debug|iPhone.ActiveCfg = Debug|Any CPU
		{E426A0C7-2A43-456B-AF17-FEDA06816D0A}.Debug|iPhone.Build.0 = Debug|Any CPU
		{E426A0C7-2A43-456B-AF17-FEDA06816D0A}.Debug|iPhoneSimulator.ActiveCfg = Debug|Any CPU
		{E426A0C7-2A43-456B-AF17-FEDA06816D0A}.Debug|iPhoneSimulator.Build.0 = Debug|Any CPU
		{E426A0C7-2A43-456B-AF17-FEDA06816D0A}.Release|Any CPU.ActiveCfg = Release|Any CPU
		{E426A0C7-2A43-456B-AF17-FEDA06816D0A}.Release|Any CPU.Build.0 = Release|Any CPU
		{E426A0C7-2A43-456B-AF17-FEDA06816D0A}.Release|iPhone.ActiveCfg = Release|Any CPU
		{E426A0C7-2A43-456B-AF17-FEDA06816D0A}.Release|iPhone.Build.0 = Release|Any CPU
		{E426A0C7-2A43-456B-AF17-FEDA06816D0A}.Release|iPhoneSimulator.ActiveCfg = Release|Any CPU
		{E426A0C7-2A43-456B-AF17-FEDA06816D0A}.Release|iPhoneSimulator.Build.0 = Release|Any CPU
		{7746966C-B74D-4F0B-A9D9-899AE8A247BD}.Debug|Any CPU.ActiveCfg = Debug|Any CPU
		{7746966C-B74D-4F0B-A9D9-899AE8A247BD}.Debug|Any CPU.Build.0 = Debug|Any CPU
		{7746966C-B74D-4F0B-A9D9-899AE8A247BD}.Debug|iPhone.ActiveCfg = Debug|Any CPU
		{7746966C-B74D-4F0B-A9D9-899AE8A247BD}.Debug|iPhone.Build.0 = Debug|Any CPU
		{7746966C-B74D-4F0B-A9D9-899AE8A247BD}.Debug|iPhoneSimulator.ActiveCfg = Debug|Any CPU
		{7746966C-B74D-4F0B-A9D9-899AE8A247BD}.Debug|iPhoneSimulator.Build.0 = Debug|Any CPU
		{7746966C-B74D-4F0B-A9D9-899AE8A247BD}.Release|Any CPU.ActiveCfg = Release|Any CPU
		{7746966C-B74D-4F0B-A9D9-899AE8A247BD}.Release|Any CPU.Build.0 = Release|Any CPU
		{7746966C-B74D-4F0B-A9D9-899AE8A247BD}.Release|iPhone.ActiveCfg = Release|Any CPU
		{7746966C-B74D-4F0B-A9D9-899AE8A247BD}.Release|iPhone.Build.0 = Release|Any CPU
		{7746966C-B74D-4F0B-A9D9-899AE8A247BD}.Release|iPhoneSimulator.ActiveCfg = Release|Any CPU
		{7746966C-B74D-4F0B-A9D9-899AE8A247BD}.Release|iPhoneSimulator.Build.0 = Release|Any CPU
		{37DACB0F-E925-40D7-89A1-C5956C8B536F}.Debug|Any CPU.ActiveCfg = Debug|Any CPU
		{37DACB0F-E925-40D7-89A1-C5956C8B536F}.Debug|Any CPU.Build.0 = Debug|Any CPU
		{37DACB0F-E925-40D7-89A1-C5956C8B536F}.Debug|iPhone.ActiveCfg = Debug|Any CPU
		{37DACB0F-E925-40D7-89A1-C5956C8B536F}.Debug|iPhone.Build.0 = Debug|Any CPU
		{37DACB0F-E925-40D7-89A1-C5956C8B536F}.Debug|iPhoneSimulator.ActiveCfg = Debug|Any CPU
		{37DACB0F-E925-40D7-89A1-C5956C8B536F}.Debug|iPhoneSimulator.Build.0 = Debug|Any CPU
		{37DACB0F-E925-40D7-89A1-C5956C8B536F}.Release|Any CPU.ActiveCfg = Release|Any CPU
		{37DACB0F-E925-40D7-89A1-C5956C8B536F}.Release|Any CPU.Build.0 = Release|Any CPU
		{37DACB0F-E925-40D7-89A1-C5956C8B536F}.Release|iPhone.ActiveCfg = Release|Any CPU
		{37DACB0F-E925-40D7-89A1-C5956C8B536F}.Release|iPhone.Build.0 = Release|Any CPU
		{37DACB0F-E925-40D7-89A1-C5956C8B536F}.Release|iPhoneSimulator.ActiveCfg = Release|Any CPU
		{37DACB0F-E925-40D7-89A1-C5956C8B536F}.Release|iPhoneSimulator.Build.0 = Release|Any CPU
		{FFC81893-0B5F-4262-94EA-3844F6057242}.Debug|Any CPU.ActiveCfg = Debug|Any CPU
		{FFC81893-0B5F-4262-94EA-3844F6057242}.Debug|Any CPU.Build.0 = Debug|Any CPU
		{FFC81893-0B5F-4262-94EA-3844F6057242}.Debug|iPhone.ActiveCfg = Debug|Any CPU
		{FFC81893-0B5F-4262-94EA-3844F6057242}.Debug|iPhone.Build.0 = Debug|Any CPU
		{FFC81893-0B5F-4262-94EA-3844F6057242}.Debug|iPhoneSimulator.ActiveCfg = Debug|Any CPU
		{FFC81893-0B5F-4262-94EA-3844F6057242}.Debug|iPhoneSimulator.Build.0 = Debug|Any CPU
		{FFC81893-0B5F-4262-94EA-3844F6057242}.Release|Any CPU.ActiveCfg = Release|Any CPU
		{FFC81893-0B5F-4262-94EA-3844F6057242}.Release|Any CPU.Build.0 = Release|Any CPU
		{FFC81893-0B5F-4262-94EA-3844F6057242}.Release|iPhone.ActiveCfg = Release|Any CPU
		{FFC81893-0B5F-4262-94EA-3844F6057242}.Release|iPhone.Build.0 = Release|Any CPU
		{FFC81893-0B5F-4262-94EA-3844F6057242}.Release|iPhoneSimulator.ActiveCfg = Release|Any CPU
		{FFC81893-0B5F-4262-94EA-3844F6057242}.Release|iPhoneSimulator.Build.0 = Release|Any CPU
		{8DAF1DA0-6451-4C97-9D6A-0D13349894DB}.Debug|Any CPU.ActiveCfg = Debug|Any CPU
		{8DAF1DA0-6451-4C97-9D6A-0D13349894DB}.Debug|Any CPU.Build.0 = Debug|Any CPU
		{8DAF1DA0-6451-4C97-9D6A-0D13349894DB}.Debug|iPhone.ActiveCfg = Debug|Any CPU
		{8DAF1DA0-6451-4C97-9D6A-0D13349894DB}.Debug|iPhone.Build.0 = Debug|Any CPU
		{8DAF1DA0-6451-4C97-9D6A-0D13349894DB}.Debug|iPhoneSimulator.ActiveCfg = Debug|Any CPU
		{8DAF1DA0-6451-4C97-9D6A-0D13349894DB}.Debug|iPhoneSimulator.Build.0 = Debug|Any CPU
		{8DAF1DA0-6451-4C97-9D6A-0D13349894DB}.Release|Any CPU.ActiveCfg = Release|Any CPU
		{8DAF1DA0-6451-4C97-9D6A-0D13349894DB}.Release|Any CPU.Build.0 = Release|Any CPU
		{8DAF1DA0-6451-4C97-9D6A-0D13349894DB}.Release|iPhone.ActiveCfg = Release|Any CPU
		{8DAF1DA0-6451-4C97-9D6A-0D13349894DB}.Release|iPhone.Build.0 = Release|Any CPU
		{8DAF1DA0-6451-4C97-9D6A-0D13349894DB}.Release|iPhoneSimulator.ActiveCfg = Release|Any CPU
		{8DAF1DA0-6451-4C97-9D6A-0D13349894DB}.Release|iPhoneSimulator.Build.0 = Release|Any CPU
		{4A55A911-DBC6-4933-8F82-0ABD7616266C}.Debug|Any CPU.ActiveCfg = Debug|Any CPU
		{4A55A911-DBC6-4933-8F82-0ABD7616266C}.Debug|Any CPU.Build.0 = Debug|Any CPU
		{4A55A911-DBC6-4933-8F82-0ABD7616266C}.Debug|iPhone.ActiveCfg = Debug|Any CPU
		{4A55A911-DBC6-4933-8F82-0ABD7616266C}.Debug|iPhone.Build.0 = Debug|Any CPU
		{4A55A911-DBC6-4933-8F82-0ABD7616266C}.Debug|iPhoneSimulator.ActiveCfg = Debug|Any CPU
		{4A55A911-DBC6-4933-8F82-0ABD7616266C}.Debug|iPhoneSimulator.Build.0 = Debug|Any CPU
		{4A55A911-DBC6-4933-8F82-0ABD7616266C}.Release|Any CPU.ActiveCfg = Release|Any CPU
		{4A55A911-DBC6-4933-8F82-0ABD7616266C}.Release|Any CPU.Build.0 = Release|Any CPU
		{4A55A911-DBC6-4933-8F82-0ABD7616266C}.Release|iPhone.ActiveCfg = Release|Any CPU
		{4A55A911-DBC6-4933-8F82-0ABD7616266C}.Release|iPhone.Build.0 = Release|Any CPU
		{4A55A911-DBC6-4933-8F82-0ABD7616266C}.Release|iPhoneSimulator.ActiveCfg = Release|Any CPU
		{4A55A911-DBC6-4933-8F82-0ABD7616266C}.Release|iPhoneSimulator.Build.0 = Release|Any CPU
		{5CB03C91-D9D6-4E09-8450-F8519AB9BD72}.Debug|Any CPU.ActiveCfg = Debug|Any CPU
		{5CB03C91-D9D6-4E09-8450-F8519AB9BD72}.Debug|Any CPU.Build.0 = Debug|Any CPU
		{5CB03C91-D9D6-4E09-8450-F8519AB9BD72}.Debug|iPhone.ActiveCfg = Debug|Any CPU
		{5CB03C91-D9D6-4E09-8450-F8519AB9BD72}.Debug|iPhone.Build.0 = Debug|Any CPU
		{5CB03C91-D9D6-4E09-8450-F8519AB9BD72}.Debug|iPhoneSimulator.ActiveCfg = Debug|Any CPU
		{5CB03C91-D9D6-4E09-8450-F8519AB9BD72}.Debug|iPhoneSimulator.Build.0 = Debug|Any CPU
		{5CB03C91-D9D6-4E09-8450-F8519AB9BD72}.Release|Any CPU.ActiveCfg = Release|Any CPU
		{5CB03C91-D9D6-4E09-8450-F8519AB9BD72}.Release|Any CPU.Build.0 = Release|Any CPU
		{5CB03C91-D9D6-4E09-8450-F8519AB9BD72}.Release|iPhone.ActiveCfg = Release|Any CPU
		{5CB03C91-D9D6-4E09-8450-F8519AB9BD72}.Release|iPhone.Build.0 = Release|Any CPU
		{5CB03C91-D9D6-4E09-8450-F8519AB9BD72}.Release|iPhoneSimulator.ActiveCfg = Release|Any CPU
		{5CB03C91-D9D6-4E09-8450-F8519AB9BD72}.Release|iPhoneSimulator.Build.0 = Release|Any CPU
		{A889BA7F-0DAA-4C6A-BB9E-1BC425A1DD8B}.Debug|Any CPU.ActiveCfg = Debug|Any CPU
		{A889BA7F-0DAA-4C6A-BB9E-1BC425A1DD8B}.Debug|Any CPU.Build.0 = Debug|Any CPU
		{A889BA7F-0DAA-4C6A-BB9E-1BC425A1DD8B}.Debug|iPhone.ActiveCfg = Debug|Any CPU
		{A889BA7F-0DAA-4C6A-BB9E-1BC425A1DD8B}.Debug|iPhone.Build.0 = Debug|Any CPU
		{A889BA7F-0DAA-4C6A-BB9E-1BC425A1DD8B}.Debug|iPhoneSimulator.ActiveCfg = Debug|Any CPU
		{A889BA7F-0DAA-4C6A-BB9E-1BC425A1DD8B}.Debug|iPhoneSimulator.Build.0 = Debug|Any CPU
		{A889BA7F-0DAA-4C6A-BB9E-1BC425A1DD8B}.Release|Any CPU.ActiveCfg = Release|Any CPU
		{A889BA7F-0DAA-4C6A-BB9E-1BC425A1DD8B}.Release|Any CPU.Build.0 = Release|Any CPU
		{A889BA7F-0DAA-4C6A-BB9E-1BC425A1DD8B}.Release|iPhone.ActiveCfg = Release|Any CPU
		{A889BA7F-0DAA-4C6A-BB9E-1BC425A1DD8B}.Release|iPhone.Build.0 = Release|Any CPU
		{A889BA7F-0DAA-4C6A-BB9E-1BC425A1DD8B}.Release|iPhoneSimulator.ActiveCfg = Release|Any CPU
		{A889BA7F-0DAA-4C6A-BB9E-1BC425A1DD8B}.Release|iPhoneSimulator.Build.0 = Release|Any CPU
		{A4457D72-D11A-4967-9866-A4C440259F01}.Debug|Any CPU.ActiveCfg = Debug|Any CPU
		{A4457D72-D11A-4967-9866-A4C440259F01}.Debug|Any CPU.Build.0 = Debug|Any CPU
		{A4457D72-D11A-4967-9866-A4C440259F01}.Debug|iPhone.ActiveCfg = Debug|Any CPU
		{A4457D72-D11A-4967-9866-A4C440259F01}.Debug|iPhone.Build.0 = Debug|Any CPU
		{A4457D72-D11A-4967-9866-A4C440259F01}.Debug|iPhoneSimulator.ActiveCfg = Debug|Any CPU
		{A4457D72-D11A-4967-9866-A4C440259F01}.Debug|iPhoneSimulator.Build.0 = Debug|Any CPU
		{A4457D72-D11A-4967-9866-A4C440259F01}.Release|Any CPU.ActiveCfg = Release|Any CPU
		{A4457D72-D11A-4967-9866-A4C440259F01}.Release|Any CPU.Build.0 = Release|Any CPU
		{A4457D72-D11A-4967-9866-A4C440259F01}.Release|iPhone.ActiveCfg = Release|Any CPU
		{A4457D72-D11A-4967-9866-A4C440259F01}.Release|iPhone.Build.0 = Release|Any CPU
		{A4457D72-D11A-4967-9866-A4C440259F01}.Release|iPhoneSimulator.ActiveCfg = Release|Any CPU
		{A4457D72-D11A-4967-9866-A4C440259F01}.Release|iPhoneSimulator.Build.0 = Release|Any CPU
		{A42F38D4-61DF-48B8-B4E2-B77A5D8AD265}.Debug|Any CPU.ActiveCfg = Debug|Any CPU
		{A42F38D4-61DF-48B8-B4E2-B77A5D8AD265}.Debug|Any CPU.Build.0 = Debug|Any CPU
		{A42F38D4-61DF-48B8-B4E2-B77A5D8AD265}.Debug|iPhone.ActiveCfg = Debug|Any CPU
		{A42F38D4-61DF-48B8-B4E2-B77A5D8AD265}.Debug|iPhone.Build.0 = Debug|Any CPU
		{A42F38D4-61DF-48B8-B4E2-B77A5D8AD265}.Debug|iPhoneSimulator.ActiveCfg = Debug|Any CPU
		{A42F38D4-61DF-48B8-B4E2-B77A5D8AD265}.Debug|iPhoneSimulator.Build.0 = Debug|Any CPU
		{A42F38D4-61DF-48B8-B4E2-B77A5D8AD265}.Release|Any CPU.ActiveCfg = Release|Any CPU
		{A42F38D4-61DF-48B8-B4E2-B77A5D8AD265}.Release|Any CPU.Build.0 = Release|Any CPU
		{A42F38D4-61DF-48B8-B4E2-B77A5D8AD265}.Release|iPhone.ActiveCfg = Release|Any CPU
		{A42F38D4-61DF-48B8-B4E2-B77A5D8AD265}.Release|iPhone.Build.0 = Release|Any CPU
		{A42F38D4-61DF-48B8-B4E2-B77A5D8AD265}.Release|iPhoneSimulator.ActiveCfg = Release|Any CPU
		{A42F38D4-61DF-48B8-B4E2-B77A5D8AD265}.Release|iPhoneSimulator.Build.0 = Release|Any CPU
		{8FA57568-F7D4-407F-AF58-213829A2B554}.Debug|Any CPU.ActiveCfg = Debug|Any CPU
		{8FA57568-F7D4-407F-AF58-213829A2B554}.Debug|Any CPU.Build.0 = Debug|Any CPU
		{8FA57568-F7D4-407F-AF58-213829A2B554}.Debug|iPhone.ActiveCfg = Debug|Any CPU
		{8FA57568-F7D4-407F-AF58-213829A2B554}.Debug|iPhone.Build.0 = Debug|Any CPU
		{8FA57568-F7D4-407F-AF58-213829A2B554}.Debug|iPhoneSimulator.ActiveCfg = Debug|Any CPU
		{8FA57568-F7D4-407F-AF58-213829A2B554}.Debug|iPhoneSimulator.Build.0 = Debug|Any CPU
		{8FA57568-F7D4-407F-AF58-213829A2B554}.Release|Any CPU.ActiveCfg = Release|Any CPU
		{8FA57568-F7D4-407F-AF58-213829A2B554}.Release|Any CPU.Build.0 = Release|Any CPU
		{8FA57568-F7D4-407F-AF58-213829A2B554}.Release|iPhone.ActiveCfg = Release|Any CPU
		{8FA57568-F7D4-407F-AF58-213829A2B554}.Release|iPhone.Build.0 = Release|Any CPU
		{8FA57568-F7D4-407F-AF58-213829A2B554}.Release|iPhoneSimulator.ActiveCfg = Release|Any CPU
		{8FA57568-F7D4-407F-AF58-213829A2B554}.Release|iPhoneSimulator.Build.0 = Release|Any CPU
		{F0564182-A443-4A1D-BA11-ADC3EF8DB0A3}.Debug|Any CPU.ActiveCfg = Debug|Any CPU
		{F0564182-A443-4A1D-BA11-ADC3EF8DB0A3}.Debug|Any CPU.Build.0 = Debug|Any CPU
		{F0564182-A443-4A1D-BA11-ADC3EF8DB0A3}.Debug|iPhone.ActiveCfg = Debug|Any CPU
		{F0564182-A443-4A1D-BA11-ADC3EF8DB0A3}.Debug|iPhone.Build.0 = Debug|Any CPU
		{F0564182-A443-4A1D-BA11-ADC3EF8DB0A3}.Debug|iPhoneSimulator.ActiveCfg = Debug|Any CPU
		{F0564182-A443-4A1D-BA11-ADC3EF8DB0A3}.Debug|iPhoneSimulator.Build.0 = Debug|Any CPU
		{F0564182-A443-4A1D-BA11-ADC3EF8DB0A3}.Release|Any CPU.ActiveCfg = Release|Any CPU
		{F0564182-A443-4A1D-BA11-ADC3EF8DB0A3}.Release|Any CPU.Build.0 = Release|Any CPU
		{F0564182-A443-4A1D-BA11-ADC3EF8DB0A3}.Release|iPhone.ActiveCfg = Release|Any CPU
		{F0564182-A443-4A1D-BA11-ADC3EF8DB0A3}.Release|iPhone.Build.0 = Release|Any CPU
		{F0564182-A443-4A1D-BA11-ADC3EF8DB0A3}.Release|iPhoneSimulator.ActiveCfg = Release|Any CPU
		{F0564182-A443-4A1D-BA11-ADC3EF8DB0A3}.Release|iPhoneSimulator.Build.0 = Release|Any CPU
		{01F58909-248B-4278-B3FE-7C53887F712D}.Debug|Any CPU.ActiveCfg = Debug|Any CPU
		{01F58909-248B-4278-B3FE-7C53887F712D}.Debug|Any CPU.Build.0 = Debug|Any CPU
		{01F58909-248B-4278-B3FE-7C53887F712D}.Debug|iPhone.ActiveCfg = Debug|Any CPU
		{01F58909-248B-4278-B3FE-7C53887F712D}.Debug|iPhone.Build.0 = Debug|Any CPU
		{01F58909-248B-4278-B3FE-7C53887F712D}.Debug|iPhoneSimulator.ActiveCfg = Debug|Any CPU
		{01F58909-248B-4278-B3FE-7C53887F712D}.Debug|iPhoneSimulator.Build.0 = Debug|Any CPU
		{01F58909-248B-4278-B3FE-7C53887F712D}.Release|Any CPU.ActiveCfg = Release|Any CPU
		{01F58909-248B-4278-B3FE-7C53887F712D}.Release|Any CPU.Build.0 = Release|Any CPU
		{01F58909-248B-4278-B3FE-7C53887F712D}.Release|iPhone.ActiveCfg = Release|Any CPU
		{01F58909-248B-4278-B3FE-7C53887F712D}.Release|iPhone.Build.0 = Release|Any CPU
		{01F58909-248B-4278-B3FE-7C53887F712D}.Release|iPhoneSimulator.ActiveCfg = Release|Any CPU
		{01F58909-248B-4278-B3FE-7C53887F712D}.Release|iPhoneSimulator.Build.0 = Release|Any CPU
	EndGlobalSection
	GlobalSection(SolutionProperties) = preSolution
		HideSolutionNode = FALSE
	EndGlobalSection
	GlobalSection(NestedProjects) = preSolution
		{8F2CCF19-7290-46EF-A4C3-1C3403B0CD48} = {68ADD79D-A915-495E-9C9B-3EDF99EC9A1A}
		{A889BA7F-0DAA-4C6A-BB9E-1BC425A1DD8B} = {5F29D3A6-8D25-4CA3-A70D-0B8CA5C9CB37}
		{A4457D72-D11A-4967-9866-A4C440259F01} = {5F29D3A6-8D25-4CA3-A70D-0B8CA5C9CB37}
		{A42F38D4-61DF-48B8-B4E2-B77A5D8AD265} = {F67C8AAB-EEC6-4CC8-868B-2C4E2E7AEDEF}
		{8FA57568-F7D4-407F-AF58-213829A2B554} = {F67C8AAB-EEC6-4CC8-868B-2C4E2E7AEDEF}
		{F0564182-A443-4A1D-BA11-ADC3EF8DB0A3} = {F67C8AAB-EEC6-4CC8-868B-2C4E2E7AEDEF}
		{01F58909-248B-4278-B3FE-7C53887F712D} = {F67C8AAB-EEC6-4CC8-868B-2C4E2E7AEDEF}
	EndGlobalSection
	GlobalSection(ExtensibilityGlobals) = postSolution
		SolutionGuid = {D6BE0CCA-2232-4145-A1ED-219EC1D1700F}
	EndGlobalSection
EndGlobal
