
Microsoft Visual Studio Solution File, Format Version 12.00
# Visual Studio 15
VisualStudioVersion = 15.0.26124.0
MinimumVisualStudioVersion = 15.0.26124.0
Project("{FAE04EC0-301F-11D3-BF4B-00C04F79EFBC}") = "PetStoreCLI", "PetStoreCLI\PetStoreCLI.csproj", "{4CC64B92-0722-469F-A64A-FE5E3EDAB74B}"
EndProject
Project("{FAE04EC0-301F-11D3-BF4B-00C04F79EFBC}") = "PetStoreCLIClientSDK", "PetStoreCLIClientSDK\PetStoreCLIClientSDK.csproj", "{00FB1C73-E2C4-4828-A68F-D609FC60DB33}"
EndProject
Project("{FAE04EC0-301F-11D3-BF4B-00C04F79EFBC}") = "PetStoreCLISchema", "PetStoreCLISchema\PetStoreCLISchema.csproj", "{E622D038-FCEA-4D25-B4CC-66AE539AFBDA}"
EndProject
Project("{2150E333-8FDC-42A3-9474-1A3956D46DE8}") = "Lambdas", "Lambdas", "{6F390605-48F4-4BA0-9288-94F494916674}"
EndProject
Project("{FAE04EC0-301F-11D3-BF4B-00C04F79EFBC}") = "Pet", "Lambdas\Pet\Pet.csproj", "{B4607126-C842-46B8-8774-B904758AB13A}"
EndProject
Project("{2150E333-8FDC-42A3-9474-1A3956D46DE8}") = "Controllers", "Controllers", "{8D3F9290-B7F4-41A3-B2EA-8F1E1FC8EB8C}"
EndProject
Project("{FAE04EC0-301F-11D3-BF4B-00C04F79EFBC}") = "PetController", "Controllers\PetController\PetController.csproj", "{FF3E8735-8808-4B85-AA3D-FE8CC66700F8}"
EndProject
Project("{FAE04EC0-301F-11D3-BF4B-00C04F79EFBC}") = "PetSecure", "Lambdas\PetSecure\PetSecure.csproj", "{3403A8FC-8D45-4F17-AAA8-06D49A1BD161}"
EndProject
Project("{FAE04EC0-301F-11D3-BF4B-00C04F79EFBC}") = "PetSecureController", "Controllers\PetSecureController\PetSecureController.csproj", "{2B150EC8-24A0-44E5-AC99-E11C4B55E5A3}"
EndProject
Project("{FAE04EC0-301F-11D3-BF4B-00C04F79EFBC}") = "Order", "Lambdas\Order\Order.csproj", "{54CF4178-6175-4F50-89CA-275A2AC0E396}"
EndProject
Project("{FAE04EC0-301F-11D3-BF4B-00C04F79EFBC}") = "OrderController", "Controllers\OrderController\OrderController.csproj", "{D12C34A5-12B1-4501-9140-39827ADB9CFA}"
EndProject
Project("{FAE04EC0-301F-11D3-BF4B-00C04F79EFBC}") = "OrderSecure", "Lambdas\OrderSecure\OrderSecure.csproj", "{F231E17C-B3BC-4ECC-8B1D-8CA69D0AD287}"
EndProject
Project("{FAE04EC0-301F-11D3-BF4B-00C04F79EFBC}") = "OrderSecureController", "Controllers\OrderSecureController\OrderSecureController.csproj", "{48777C0B-07A1-482A-A470-1F26E07C881C}"
EndProject
Project("{FAE04EC0-301F-11D3-BF4B-00C04F79EFBC}") = "PetStoreRepo", "PetStoreRepo\PetStoreRepo.csproj", "{DE3F0E09-4EC2-4D69-9AE6-0289DF2E20A6}"
EndProject
Project("{FAE04EC0-301F-11D3-BF4B-00C04F79EFBC}") = "PetStoreTests", "PetStoreTests\PetStoreTests.csproj", "{C72B4F73-6FD7-486D-AB6A-02B6A1050449}"
EndProject
Project("{FAE04EC0-301F-11D3-BF4B-00C04F79EFBC}") = "PetStoreConsoleApp", "PetStoreConsoleApp\PetStoreConsoleApp.csproj", "{4CBE41BA-1B19-4FE3-8A89-5F0C79066F71}"
EndProject
Global
	GlobalSection(SolutionConfigurationPlatforms) = preSolution
		Debug|Any CPU = Debug|Any CPU
		Debug|x64 = Debug|x64
		Debug|x86 = Debug|x86
		Release|Any CPU = Release|Any CPU
		Release|x64 = Release|x64
		Release|x86 = Release|x86
	EndGlobalSection
	GlobalSection(SolutionProperties) = preSolution
		HideSolutionNode = FALSE
	EndGlobalSection
	GlobalSection(ProjectConfigurationPlatforms) = postSolution
		{4CC64B92-0722-469F-A64A-FE5E3EDAB74B}.Debug|Any CPU.ActiveCfg = Debug|Any CPU
		{4CC64B92-0722-469F-A64A-FE5E3EDAB74B}.Debug|Any CPU.Build.0 = Debug|Any CPU
		{4CC64B92-0722-469F-A64A-FE5E3EDAB74B}.Debug|x64.ActiveCfg = Debug|Any CPU
		{4CC64B92-0722-469F-A64A-FE5E3EDAB74B}.Debug|x64.Build.0 = Debug|Any CPU
		{4CC64B92-0722-469F-A64A-FE5E3EDAB74B}.Debug|x86.ActiveCfg = Debug|Any CPU
		{4CC64B92-0722-469F-A64A-FE5E3EDAB74B}.Debug|x86.Build.0 = Debug|Any CPU
		{4CC64B92-0722-469F-A64A-FE5E3EDAB74B}.Release|Any CPU.ActiveCfg = Release|Any CPU
		{4CC64B92-0722-469F-A64A-FE5E3EDAB74B}.Release|Any CPU.Build.0 = Release|Any CPU
		{4CC64B92-0722-469F-A64A-FE5E3EDAB74B}.Release|x64.ActiveCfg = Release|Any CPU
		{4CC64B92-0722-469F-A64A-FE5E3EDAB74B}.Release|x64.Build.0 = Release|Any CPU
		{4CC64B92-0722-469F-A64A-FE5E3EDAB74B}.Release|x86.ActiveCfg = Release|Any CPU
		{4CC64B92-0722-469F-A64A-FE5E3EDAB74B}.Release|x86.Build.0 = Release|Any CPU
		{00FB1C73-E2C4-4828-A68F-D609FC60DB33}.Debug|Any CPU.ActiveCfg = Debug|Any CPU
		{00FB1C73-E2C4-4828-A68F-D609FC60DB33}.Debug|Any CPU.Build.0 = Debug|Any CPU
		{00FB1C73-E2C4-4828-A68F-D609FC60DB33}.Debug|x64.ActiveCfg = Debug|Any CPU
		{00FB1C73-E2C4-4828-A68F-D609FC60DB33}.Debug|x64.Build.0 = Debug|Any CPU
		{00FB1C73-E2C4-4828-A68F-D609FC60DB33}.Debug|x86.ActiveCfg = Debug|Any CPU
		{00FB1C73-E2C4-4828-A68F-D609FC60DB33}.Debug|x86.Build.0 = Debug|Any CPU
		{00FB1C73-E2C4-4828-A68F-D609FC60DB33}.Release|Any CPU.ActiveCfg = Release|Any CPU
		{00FB1C73-E2C4-4828-A68F-D609FC60DB33}.Release|Any CPU.Build.0 = Release|Any CPU
		{00FB1C73-E2C4-4828-A68F-D609FC60DB33}.Release|x64.ActiveCfg = Release|Any CPU
		{00FB1C73-E2C4-4828-A68F-D609FC60DB33}.Release|x64.Build.0 = Release|Any CPU
		{00FB1C73-E2C4-4828-A68F-D609FC60DB33}.Release|x86.ActiveCfg = Release|Any CPU
		{00FB1C73-E2C4-4828-A68F-D609FC60DB33}.Release|x86.Build.0 = Release|Any CPU
		{E622D038-FCEA-4D25-B4CC-66AE539AFBDA}.Debug|Any CPU.ActiveCfg = Debug|Any CPU
		{E622D038-FCEA-4D25-B4CC-66AE539AFBDA}.Debug|Any CPU.Build.0 = Debug|Any CPU
		{E622D038-FCEA-4D25-B4CC-66AE539AFBDA}.Debug|x64.ActiveCfg = Debug|Any CPU
		{E622D038-FCEA-4D25-B4CC-66AE539AFBDA}.Debug|x64.Build.0 = Debug|Any CPU
		{E622D038-FCEA-4D25-B4CC-66AE539AFBDA}.Debug|x86.ActiveCfg = Debug|Any CPU
		{E622D038-FCEA-4D25-B4CC-66AE539AFBDA}.Debug|x86.Build.0 = Debug|Any CPU
		{E622D038-FCEA-4D25-B4CC-66AE539AFBDA}.Release|Any CPU.ActiveCfg = Release|Any CPU
		{E622D038-FCEA-4D25-B4CC-66AE539AFBDA}.Release|Any CPU.Build.0 = Release|Any CPU
		{E622D038-FCEA-4D25-B4CC-66AE539AFBDA}.Release|x64.ActiveCfg = Release|Any CPU
		{E622D038-FCEA-4D25-B4CC-66AE539AFBDA}.Release|x64.Build.0 = Release|Any CPU
		{E622D038-FCEA-4D25-B4CC-66AE539AFBDA}.Release|x86.ActiveCfg = Release|Any CPU
		{E622D038-FCEA-4D25-B4CC-66AE539AFBDA}.Release|x86.Build.0 = Release|Any CPU
		{B4607126-C842-46B8-8774-B904758AB13A}.Debug|Any CPU.ActiveCfg = Debug|Any CPU
		{B4607126-C842-46B8-8774-B904758AB13A}.Debug|Any CPU.Build.0 = Debug|Any CPU
		{B4607126-C842-46B8-8774-B904758AB13A}.Debug|x64.ActiveCfg = Debug|Any CPU
		{B4607126-C842-46B8-8774-B904758AB13A}.Debug|x64.Build.0 = Debug|Any CPU
		{B4607126-C842-46B8-8774-B904758AB13A}.Debug|x86.ActiveCfg = Debug|Any CPU
		{B4607126-C842-46B8-8774-B904758AB13A}.Debug|x86.Build.0 = Debug|Any CPU
		{B4607126-C842-46B8-8774-B904758AB13A}.Release|Any CPU.ActiveCfg = Release|Any CPU
		{B4607126-C842-46B8-8774-B904758AB13A}.Release|Any CPU.Build.0 = Release|Any CPU
		{B4607126-C842-46B8-8774-B904758AB13A}.Release|x64.ActiveCfg = Release|Any CPU
		{B4607126-C842-46B8-8774-B904758AB13A}.Release|x64.Build.0 = Release|Any CPU
		{B4607126-C842-46B8-8774-B904758AB13A}.Release|x86.ActiveCfg = Release|Any CPU
		{B4607126-C842-46B8-8774-B904758AB13A}.Release|x86.Build.0 = Release|Any CPU
		{FF3E8735-8808-4B85-AA3D-FE8CC66700F8}.Debug|Any CPU.ActiveCfg = Debug|Any CPU
		{FF3E8735-8808-4B85-AA3D-FE8CC66700F8}.Debug|Any CPU.Build.0 = Debug|Any CPU
		{FF3E8735-8808-4B85-AA3D-FE8CC66700F8}.Debug|x64.ActiveCfg = Debug|Any CPU
		{FF3E8735-8808-4B85-AA3D-FE8CC66700F8}.Debug|x64.Build.0 = Debug|Any CPU
		{FF3E8735-8808-4B85-AA3D-FE8CC66700F8}.Debug|x86.ActiveCfg = Debug|Any CPU
		{FF3E8735-8808-4B85-AA3D-FE8CC66700F8}.Debug|x86.Build.0 = Debug|Any CPU
		{FF3E8735-8808-4B85-AA3D-FE8CC66700F8}.Release|Any CPU.ActiveCfg = Release|Any CPU
		{FF3E8735-8808-4B85-AA3D-FE8CC66700F8}.Release|Any CPU.Build.0 = Release|Any CPU
		{FF3E8735-8808-4B85-AA3D-FE8CC66700F8}.Release|x64.ActiveCfg = Release|Any CPU
		{FF3E8735-8808-4B85-AA3D-FE8CC66700F8}.Release|x64.Build.0 = Release|Any CPU
		{FF3E8735-8808-4B85-AA3D-FE8CC66700F8}.Release|x86.ActiveCfg = Release|Any CPU
		{FF3E8735-8808-4B85-AA3D-FE8CC66700F8}.Release|x86.Build.0 = Release|Any CPU
		{3403A8FC-8D45-4F17-AAA8-06D49A1BD161}.Debug|Any CPU.ActiveCfg = Debug|Any CPU
		{3403A8FC-8D45-4F17-AAA8-06D49A1BD161}.Debug|Any CPU.Build.0 = Debug|Any CPU
		{3403A8FC-8D45-4F17-AAA8-06D49A1BD161}.Debug|x64.ActiveCfg = Debug|Any CPU
		{3403A8FC-8D45-4F17-AAA8-06D49A1BD161}.Debug|x64.Build.0 = Debug|Any CPU
		{3403A8FC-8D45-4F17-AAA8-06D49A1BD161}.Debug|x86.ActiveCfg = Debug|Any CPU
		{3403A8FC-8D45-4F17-AAA8-06D49A1BD161}.Debug|x86.Build.0 = Debug|Any CPU
		{3403A8FC-8D45-4F17-AAA8-06D49A1BD161}.Release|Any CPU.ActiveCfg = Release|Any CPU
		{3403A8FC-8D45-4F17-AAA8-06D49A1BD161}.Release|Any CPU.Build.0 = Release|Any CPU
		{3403A8FC-8D45-4F17-AAA8-06D49A1BD161}.Release|x64.ActiveCfg = Release|Any CPU
		{3403A8FC-8D45-4F17-AAA8-06D49A1BD161}.Release|x64.Build.0 = Release|Any CPU
		{3403A8FC-8D45-4F17-AAA8-06D49A1BD161}.Release|x86.ActiveCfg = Release|Any CPU
		{3403A8FC-8D45-4F17-AAA8-06D49A1BD161}.Release|x86.Build.0 = Release|Any CPU
		{2B150EC8-24A0-44E5-AC99-E11C4B55E5A3}.Debug|Any CPU.ActiveCfg = Debug|Any CPU
		{2B150EC8-24A0-44E5-AC99-E11C4B55E5A3}.Debug|Any CPU.Build.0 = Debug|Any CPU
		{2B150EC8-24A0-44E5-AC99-E11C4B55E5A3}.Debug|x64.ActiveCfg = Debug|Any CPU
		{2B150EC8-24A0-44E5-AC99-E11C4B55E5A3}.Debug|x64.Build.0 = Debug|Any CPU
		{2B150EC8-24A0-44E5-AC99-E11C4B55E5A3}.Debug|x86.ActiveCfg = Debug|Any CPU
		{2B150EC8-24A0-44E5-AC99-E11C4B55E5A3}.Debug|x86.Build.0 = Debug|Any CPU
		{2B150EC8-24A0-44E5-AC99-E11C4B55E5A3}.Release|Any CPU.ActiveCfg = Release|Any CPU
		{2B150EC8-24A0-44E5-AC99-E11C4B55E5A3}.Release|Any CPU.Build.0 = Release|Any CPU
		{2B150EC8-24A0-44E5-AC99-E11C4B55E5A3}.Release|x64.ActiveCfg = Release|Any CPU
		{2B150EC8-24A0-44E5-AC99-E11C4B55E5A3}.Release|x64.Build.0 = Release|Any CPU
		{2B150EC8-24A0-44E5-AC99-E11C4B55E5A3}.Release|x86.ActiveCfg = Release|Any CPU
		{2B150EC8-24A0-44E5-AC99-E11C4B55E5A3}.Release|x86.Build.0 = Release|Any CPU
		{54CF4178-6175-4F50-89CA-275A2AC0E396}.Debug|Any CPU.ActiveCfg = Debug|Any CPU
		{54CF4178-6175-4F50-89CA-275A2AC0E396}.Debug|Any CPU.Build.0 = Debug|Any CPU
		{54CF4178-6175-4F50-89CA-275A2AC0E396}.Debug|x64.ActiveCfg = Debug|Any CPU
		{54CF4178-6175-4F50-89CA-275A2AC0E396}.Debug|x64.Build.0 = Debug|Any CPU
		{54CF4178-6175-4F50-89CA-275A2AC0E396}.Debug|x86.ActiveCfg = Debug|Any CPU
		{54CF4178-6175-4F50-89CA-275A2AC0E396}.Debug|x86.Build.0 = Debug|Any CPU
		{54CF4178-6175-4F50-89CA-275A2AC0E396}.Release|Any CPU.ActiveCfg = Release|Any CPU
		{54CF4178-6175-4F50-89CA-275A2AC0E396}.Release|Any CPU.Build.0 = Release|Any CPU
		{54CF4178-6175-4F50-89CA-275A2AC0E396}.Release|x64.ActiveCfg = Release|Any CPU
		{54CF4178-6175-4F50-89CA-275A2AC0E396}.Release|x64.Build.0 = Release|Any CPU
		{54CF4178-6175-4F50-89CA-275A2AC0E396}.Release|x86.ActiveCfg = Release|Any CPU
		{54CF4178-6175-4F50-89CA-275A2AC0E396}.Release|x86.Build.0 = Release|Any CPU
		{D12C34A5-12B1-4501-9140-39827ADB9CFA}.Debug|Any CPU.ActiveCfg = Debug|Any CPU
		{D12C34A5-12B1-4501-9140-39827ADB9CFA}.Debug|Any CPU.Build.0 = Debug|Any CPU
		{D12C34A5-12B1-4501-9140-39827ADB9CFA}.Debug|x64.ActiveCfg = Debug|Any CPU
		{D12C34A5-12B1-4501-9140-39827ADB9CFA}.Debug|x64.Build.0 = Debug|Any CPU
		{D12C34A5-12B1-4501-9140-39827ADB9CFA}.Debug|x86.ActiveCfg = Debug|Any CPU
		{D12C34A5-12B1-4501-9140-39827ADB9CFA}.Debug|x86.Build.0 = Debug|Any CPU
		{D12C34A5-12B1-4501-9140-39827ADB9CFA}.Release|Any CPU.ActiveCfg = Release|Any CPU
		{D12C34A5-12B1-4501-9140-39827ADB9CFA}.Release|Any CPU.Build.0 = Release|Any CPU
		{D12C34A5-12B1-4501-9140-39827ADB9CFA}.Release|x64.ActiveCfg = Release|Any CPU
		{D12C34A5-12B1-4501-9140-39827ADB9CFA}.Release|x64.Build.0 = Release|Any CPU
		{D12C34A5-12B1-4501-9140-39827ADB9CFA}.Release|x86.ActiveCfg = Release|Any CPU
		{D12C34A5-12B1-4501-9140-39827ADB9CFA}.Release|x86.Build.0 = Release|Any CPU
		{F231E17C-B3BC-4ECC-8B1D-8CA69D0AD287}.Debug|Any CPU.ActiveCfg = Debug|Any CPU
		{F231E17C-B3BC-4ECC-8B1D-8CA69D0AD287}.Debug|Any CPU.Build.0 = Debug|Any CPU
		{F231E17C-B3BC-4ECC-8B1D-8CA69D0AD287}.Debug|x64.ActiveCfg = Debug|Any CPU
		{F231E17C-B3BC-4ECC-8B1D-8CA69D0AD287}.Debug|x64.Build.0 = Debug|Any CPU
		{F231E17C-B3BC-4ECC-8B1D-8CA69D0AD287}.Debug|x86.ActiveCfg = Debug|Any CPU
		{F231E17C-B3BC-4ECC-8B1D-8CA69D0AD287}.Debug|x86.Build.0 = Debug|Any CPU
		{F231E17C-B3BC-4ECC-8B1D-8CA69D0AD287}.Release|Any CPU.ActiveCfg = Release|Any CPU
		{F231E17C-B3BC-4ECC-8B1D-8CA69D0AD287}.Release|Any CPU.Build.0 = Release|Any CPU
		{F231E17C-B3BC-4ECC-8B1D-8CA69D0AD287}.Release|x64.ActiveCfg = Release|Any CPU
		{F231E17C-B3BC-4ECC-8B1D-8CA69D0AD287}.Release|x64.Build.0 = Release|Any CPU
		{F231E17C-B3BC-4ECC-8B1D-8CA69D0AD287}.Release|x86.ActiveCfg = Release|Any CPU
		{F231E17C-B3BC-4ECC-8B1D-8CA69D0AD287}.Release|x86.Build.0 = Release|Any CPU
		{48777C0B-07A1-482A-A470-1F26E07C881C}.Debug|Any CPU.ActiveCfg = Debug|Any CPU
		{48777C0B-07A1-482A-A470-1F26E07C881C}.Debug|Any CPU.Build.0 = Debug|Any CPU
		{48777C0B-07A1-482A-A470-1F26E07C881C}.Debug|x64.ActiveCfg = Debug|Any CPU
		{48777C0B-07A1-482A-A470-1F26E07C881C}.Debug|x64.Build.0 = Debug|Any CPU
		{48777C0B-07A1-482A-A470-1F26E07C881C}.Debug|x86.ActiveCfg = Debug|Any CPU
		{48777C0B-07A1-482A-A470-1F26E07C881C}.Debug|x86.Build.0 = Debug|Any CPU
		{48777C0B-07A1-482A-A470-1F26E07C881C}.Release|Any CPU.ActiveCfg = Release|Any CPU
		{48777C0B-07A1-482A-A470-1F26E07C881C}.Release|Any CPU.Build.0 = Release|Any CPU
		{48777C0B-07A1-482A-A470-1F26E07C881C}.Release|x64.ActiveCfg = Release|Any CPU
		{48777C0B-07A1-482A-A470-1F26E07C881C}.Release|x64.Build.0 = Release|Any CPU
		{48777C0B-07A1-482A-A470-1F26E07C881C}.Release|x86.ActiveCfg = Release|Any CPU
		{48777C0B-07A1-482A-A470-1F26E07C881C}.Release|x86.Build.0 = Release|Any CPU
		{DE3F0E09-4EC2-4D69-9AE6-0289DF2E20A6}.Debug|Any CPU.ActiveCfg = Debug|Any CPU
		{DE3F0E09-4EC2-4D69-9AE6-0289DF2E20A6}.Debug|Any CPU.Build.0 = Debug|Any CPU
		{DE3F0E09-4EC2-4D69-9AE6-0289DF2E20A6}.Debug|x64.ActiveCfg = Debug|Any CPU
		{DE3F0E09-4EC2-4D69-9AE6-0289DF2E20A6}.Debug|x64.Build.0 = Debug|Any CPU
		{DE3F0E09-4EC2-4D69-9AE6-0289DF2E20A6}.Debug|x86.ActiveCfg = Debug|Any CPU
		{DE3F0E09-4EC2-4D69-9AE6-0289DF2E20A6}.Debug|x86.Build.0 = Debug|Any CPU
		{DE3F0E09-4EC2-4D69-9AE6-0289DF2E20A6}.Release|Any CPU.ActiveCfg = Release|Any CPU
		{DE3F0E09-4EC2-4D69-9AE6-0289DF2E20A6}.Release|Any CPU.Build.0 = Release|Any CPU
		{DE3F0E09-4EC2-4D69-9AE6-0289DF2E20A6}.Release|x64.ActiveCfg = Release|Any CPU
		{DE3F0E09-4EC2-4D69-9AE6-0289DF2E20A6}.Release|x64.Build.0 = Release|Any CPU
		{DE3F0E09-4EC2-4D69-9AE6-0289DF2E20A6}.Release|x86.ActiveCfg = Release|Any CPU
		{DE3F0E09-4EC2-4D69-9AE6-0289DF2E20A6}.Release|x86.Build.0 = Release|Any CPU
		{C72B4F73-6FD7-486D-AB6A-02B6A1050449}.Debug|Any CPU.ActiveCfg = Debug|Any CPU
		{C72B4F73-6FD7-486D-AB6A-02B6A1050449}.Debug|Any CPU.Build.0 = Debug|Any CPU
		{C72B4F73-6FD7-486D-AB6A-02B6A1050449}.Debug|x64.ActiveCfg = Debug|Any CPU
		{C72B4F73-6FD7-486D-AB6A-02B6A1050449}.Debug|x64.Build.0 = Debug|Any CPU
		{C72B4F73-6FD7-486D-AB6A-02B6A1050449}.Debug|x86.ActiveCfg = Debug|Any CPU
		{C72B4F73-6FD7-486D-AB6A-02B6A1050449}.Debug|x86.Build.0 = Debug|Any CPU
		{C72B4F73-6FD7-486D-AB6A-02B6A1050449}.Release|Any CPU.ActiveCfg = Release|Any CPU
		{C72B4F73-6FD7-486D-AB6A-02B6A1050449}.Release|Any CPU.Build.0 = Release|Any CPU
		{C72B4F73-6FD7-486D-AB6A-02B6A1050449}.Release|x64.ActiveCfg = Release|Any CPU
		{C72B4F73-6FD7-486D-AB6A-02B6A1050449}.Release|x64.Build.0 = Release|Any CPU
		{C72B4F73-6FD7-486D-AB6A-02B6A1050449}.Release|x86.ActiveCfg = Release|Any CPU
		{C72B4F73-6FD7-486D-AB6A-02B6A1050449}.Release|x86.Build.0 = Release|Any CPU
		{4CBE41BA-1B19-4FE3-8A89-5F0C79066F71}.Debug|Any CPU.ActiveCfg = Debug|Any CPU
		{4CBE41BA-1B19-4FE3-8A89-5F0C79066F71}.Debug|Any CPU.Build.0 = Debug|Any CPU
		{4CBE41BA-1B19-4FE3-8A89-5F0C79066F71}.Debug|x64.ActiveCfg = Debug|Any CPU
		{4CBE41BA-1B19-4FE3-8A89-5F0C79066F71}.Debug|x64.Build.0 = Debug|Any CPU
		{4CBE41BA-1B19-4FE3-8A89-5F0C79066F71}.Debug|x86.ActiveCfg = Debug|Any CPU
		{4CBE41BA-1B19-4FE3-8A89-5F0C79066F71}.Debug|x86.Build.0 = Debug|Any CPU
		{4CBE41BA-1B19-4FE3-8A89-5F0C79066F71}.Release|Any CPU.ActiveCfg = Release|Any CPU
		{4CBE41BA-1B19-4FE3-8A89-5F0C79066F71}.Release|Any CPU.Build.0 = Release|Any CPU
		{4CBE41BA-1B19-4FE3-8A89-5F0C79066F71}.Release|x64.ActiveCfg = Release|Any CPU
		{4CBE41BA-1B19-4FE3-8A89-5F0C79066F71}.Release|x64.Build.0 = Release|Any CPU
		{4CBE41BA-1B19-4FE3-8A89-5F0C79066F71}.Release|x86.ActiveCfg = Release|Any CPU
		{4CBE41BA-1B19-4FE3-8A89-5F0C79066F71}.Release|x86.Build.0 = Release|Any CPU
	EndGlobalSection
	GlobalSection(NestedProjects) = preSolution
		{B4607126-C842-46B8-8774-B904758AB13A} = {6F390605-48F4-4BA0-9288-94F494916674}
		{FF3E8735-8808-4B85-AA3D-FE8CC66700F8} = {8D3F9290-B7F4-41A3-B2EA-8F1E1FC8EB8C}
		{3403A8FC-8D45-4F17-AAA8-06D49A1BD161} = {6F390605-48F4-4BA0-9288-94F494916674}
		{2B150EC8-24A0-44E5-AC99-E11C4B55E5A3} = {8D3F9290-B7F4-41A3-B2EA-8F1E1FC8EB8C}
		{54CF4178-6175-4F50-89CA-275A2AC0E396} = {6F390605-48F4-4BA0-9288-94F494916674}
		{D12C34A5-12B1-4501-9140-39827ADB9CFA} = {8D3F9290-B7F4-41A3-B2EA-8F1E1FC8EB8C}
		{F231E17C-B3BC-4ECC-8B1D-8CA69D0AD287} = {6F390605-48F4-4BA0-9288-94F494916674}
		{48777C0B-07A1-482A-A470-1F26E07C881C} = {8D3F9290-B7F4-41A3-B2EA-8F1E1FC8EB8C}
	EndGlobalSection
EndGlobal
